
Microsoft Visual Studio Solution File, Format Version 12.00
# Visual Studio 15
Project("{FAE04EC0-301F-11D3-BF4B-00C04F79EFBC}") = "UnityEngine.TestRunner", "UnityEngine.TestRunner.csproj", "{218FCE6E-81EF-1DA9-5002-E12745054CAD}"
EndProject
Project("{FAE04EC0-301F-11D3-BF4B-00C04F79EFBC}") = "Unity.Mathematics", "Unity.Mathematics.csproj", "{42691A67-9031-5C5A-F452-CD2959A41443}"
EndProject
Project("{FAE04EC0-301F-11D3-BF4B-00C04F79EFBC}") = "Unity.2D.Animation.Triangle.Runtime", "Unity.2D.Animation.Triangle.Runtime.csproj", "{AC95E043-CB25-C5AB-5C1E-ECB065A39216}"
EndProject
Project("{FAE04EC0-301F-11D3-BF4B-00C04F79EFBC}") = "Unity.Timeline", "Unity.Timeline.csproj", "{9EF2C940-0371-F373-852D-49D26C896971}"
EndProject
Project("{FAE04EC0-301F-11D3-BF4B-00C04F79EFBC}") = "UnityEngine.UI", "UnityEngine.UI.csproj", "{6D435BF5-B0AD-C0FF-87B9-5943835174D8}"
EndProject
Project("{FAE04EC0-301F-11D3-BF4B-00C04F79EFBC}") = "Unity.TextMeshPro", "Unity.TextMeshPro.csproj", "{803B2D42-663D-C0B7-1D35-EACCEED6A616}"
EndProject
Project("{FAE04EC0-301F-11D3-BF4B-00C04F79EFBC}") = "Unity.2D.Animation.Runtime", "Unity.2D.Animation.Runtime.csproj", "{482D8F43-4781-320C-1BC7-EB12BF602306}"
EndProject
Project("{FAE04EC0-301F-11D3-BF4B-00C04F79EFBC}") = "Unity.2D.IK.Runtime", "Unity.2D.IK.Runtime.csproj", "{E9717866-1640-3CAF-6677-143B00BA64A4}"
EndProject
Project("{FAE04EC0-301F-11D3-BF4B-00C04F79EFBC}") = "Assembly-CSharp", "Assembly-CSharp.csproj", "{C4827544-C4F7-CF2F-E658-EF8D4FE52DAC}"
EndProject
Project("{FAE04EC0-301F-11D3-BF4B-00C04F79EFBC}") = "Unity.2D.SpriteShape.Runtime", "Unity.2D.SpriteShape.Runtime.csproj", "{F973C4DF-FEEF-2507-12A0-F80E651AC26D}"
EndProject
Project("{FAE04EC0-301F-11D3-BF4B-00C04F79EFBC}") = "Unity.2D.PixelPerfect", "Unity.2D.PixelPerfect.csproj", "{BE28B7A5-5984-D4DC-9DF5-07D93B2EA344}"
EndProject
Project("{FAE04EC0-301F-11D3-BF4B-00C04F79EFBC}") = "Unity.2D.Common.Runtime", "Unity.2D.Common.Runtime.csproj", "{9733BBE0-A5B3-97CC-D053-140E018CD26A}"
EndProject
Project("{FAE04EC0-301F-11D3-BF4B-00C04F79EFBC}") = "Unity.InternalAPIEngineBridge.001", "Unity.InternalAPIEngineBridge.001.csproj", "{84F4CE9C-9AD3-196A-9A31-F38C47A81C65}"
EndProject
Project("{FAE04EC0-301F-11D3-BF4B-00C04F79EFBC}") = "AstarPathfindingProject", "AstarPathfindingProject.csproj", "{E8519A6E-2838-2D5A-8B03-3A29CA0AB288}"
EndProject
Project("{FAE04EC0-301F-11D3-BF4B-00C04F79EFBC}") = "UnityEditor.TestRunner", "UnityEditor.TestRunner.csproj", "{8AB59398-683C-507E-F24B-3C71A59E3EC8}"
EndProject
Project("{FAE04EC0-301F-11D3-BF4B-00C04F79EFBC}") = "Unity.PlasticSCM.Editor", "Unity.PlasticSCM.Editor.csproj", "{32995287-6A0B-7CE8-29F6-6562F208ED4F}"
EndProject
Project("{FAE04EC0-301F-11D3-BF4B-00C04F79EFBC}") = "UnityEditor.UI", "UnityEditor.UI.csproj", "{C99BDFC9-B30A-1E6F-EA42-6E540DEE7BE5}"
EndProject
Project("{FAE04EC0-301F-11D3-BF4B-00C04F79EFBC}") = "Unity.Services.Core.Editor", "Unity.Services.Core.Editor.csproj", "{B496D714-EE6C-4638-6130-41963A2D54A1}"
EndProject
Project("{FAE04EC0-301F-11D3-BF4B-00C04F79EFBC}") = "Unity.Timeline.Editor", "Unity.Timeline.Editor.csproj", "{AB1D4DDF-84F6-D4CF-3A6C-92346FECA9B8}"
EndProject
Project("{FAE04EC0-301F-11D3-BF4B-00C04F79EFBC}") = "Unity.VisualStudio.Editor", "Unity.VisualStudio.Editor.csproj", "{D55332F1-1220-28AC-E921-0B8A555B7337}"
EndProject
Project("{FAE04EC0-301F-11D3-BF4B-00C04F79EFBC}") = "Unity.2D.Psdimporter.Editor", "Unity.2D.Psdimporter.Editor.csproj", "{1BAE60AA-85D3-6472-F4ED-4BC0570E702E}"
EndProject
Project("{FAE04EC0-301F-11D3-BF4B-00C04F79EFBC}") = "Unity.2D.Animation.Editor", "Unity.2D.Animation.Editor.csproj", "{4B7BA6E1-AC93-E6E2-A3C5-54D2B8DB5D90}"
EndProject
Project("{FAE04EC0-301F-11D3-BF4B-00C04F79EFBC}") = "Unity.TextMeshPro.Editor", "Unity.TextMeshPro.Editor.csproj", "{BDA046AC-1C47-29A9-DC5C-B2E4DDB6C6BA}"
EndProject
Project("{FAE04EC0-301F-11D3-BF4B-00C04F79EFBC}") = "Unity.2D.SpriteShape.Editor", "Unity.2D.SpriteShape.Editor.csproj", "{D15B6059-ABC8-8557-9A08-5F484E325B72}"
EndProject
Project("{FAE04EC0-301F-11D3-BF4B-00C04F79EFBC}") = "Unity.CollabProxy.Editor", "Unity.CollabProxy.Editor.csproj", "{829F20D3-78C8-C367-133F-9AEA95F5D36E}"
EndProject
Project("{FAE04EC0-301F-11D3-BF4B-00C04F79EFBC}") = "PsdPlugin", "PsdPlugin.csproj", "{E6643325-F22B-1DC4-D967-2194668BA91A}"
EndProject
Project("{FAE04EC0-301F-11D3-BF4B-00C04F79EFBC}") = "Unity.2D.Path.Editor", "Unity.2D.Path.Editor.csproj", "{E44621F4-40FA-AC36-DB45-29078D33D3A7}"
EndProject
Project("{FAE04EC0-301F-11D3-BF4B-00C04F79EFBC}") = "Unity.Rider.Editor", "Unity.Rider.Editor.csproj", "{957D0C49-4706-0291-9654-BDD92B25072C}"
EndProject
Project("{FAE04EC0-301F-11D3-BF4B-00C04F79EFBC}") = "Unity.2D.IK.Editor", "Unity.2D.IK.Editor.csproj", "{52BB57C4-554E-50A2-6E55-1F63EB878FD2}"
EndProject
Project("{FAE04EC0-301F-11D3-BF4B-00C04F79EFBC}") = "Unity.2D.Sprite.Editor", "Unity.2D.Sprite.Editor.csproj", "{28943193-7CA1-BE70-8234-893EAD93C924}"
EndProject
Project("{FAE04EC0-301F-11D3-BF4B-00C04F79EFBC}") = "Unity.2D.Tilemap.Editor", "Unity.2D.Tilemap.Editor.csproj", "{C5D52ABE-8EE3-31B4-EC01-DDFD9F1DCA95}"
EndProject
Project("{FAE04EC0-301F-11D3-BF4B-00C04F79EFBC}") = "Unity.2D.PixelPerfect.Editor", "Unity.2D.PixelPerfect.Editor.csproj", "{0ABEEEC0-B84E-94AB-C110-E8FCF3128F31}"
EndProject
Project("{FAE04EC0-301F-11D3-BF4B-00C04F79EFBC}") = "Unity.VSCode.Editor", "Unity.VSCode.Editor.csproj", "{976AC4DC-8629-50CD-3191-7966A23902B1}"
EndProject
Project("{FAE04EC0-301F-11D3-BF4B-00C04F79EFBC}") = "Unity.2D.Common.Editor", "Unity.2D.Common.Editor.csproj", "{33EDB87C-ABAB-378F-F7ED-EBFADF5FDB8B}"
EndProject
Project("{FAE04EC0-301F-11D3-BF4B-00C04F79EFBC}") = "Unity.Mathematics.Editor", "Unity.Mathematics.Editor.csproj", "{D69D4823-DA32-AB76-7084-0E2E0E63D95B}"
EndProject
Project("{FAE04EC0-301F-11D3-BF4B-00C04F79EFBC}") = "Unity.InternalAPIEditorBridge.001", "Unity.InternalAPIEditorBridge.001.csproj", "{3BA0E58A-9736-D210-944F-B7499B65B05B}"
EndProject
Project("{FAE04EC0-301F-11D3-BF4B-00C04F79EFBC}") = "AstarPathfindingProjectEditor", "AstarPathfindingProjectEditor.csproj", "{FA5BE9E5-9D3A-CD85-8900-492E77833B21}"
EndProject
Project("{FAE04EC0-301F-11D3-BF4B-00C04F79EFBC}") = "PackageToolsEditor", "PackageToolsEditor.csproj", "{E630BB95-2BC8-1574-EE50-62D3C0E8596D}"
EndProject
Project("{FAE04EC0-301F-11D3-BF4B-00C04F79EFBC}") = "UnityEngine.TestRunner", "UnityEngine.TestRunner.Player.csproj", "{858FEFAC-0270-4F93-70F4-05E91FD25875}"
EndProject
Project("{FAE04EC0-301F-11D3-BF4B-00C04F79EFBC}") = "Unity.Mathematics", "Unity.Mathematics.Player.csproj", "{7E47AE65-FF25-F4D9-E307-09EFC984E30E}"
EndProject
Project("{FAE04EC0-301F-11D3-BF4B-00C04F79EFBC}") = "Unity.2D.Animation.Triangle.Runtime", "Unity.2D.Animation.Triangle.Runtime.Player.csproj", "{F2205EF4-25EE-464B-927A-D4D5E444E19A}"
EndProject
Project("{FAE04EC0-301F-11D3-BF4B-00C04F79EFBC}") = "Unity.Timeline", "Unity.Timeline.Player.csproj", "{21B3A278-5CDF-A6BB-5968-9C8CDBF932AD}"
EndProject
Project("{FAE04EC0-301F-11D3-BF4B-00C04F79EFBC}") = "UnityEngine.UI", "UnityEngine.UI.Player.csproj", "{5FEBECD1-963B-A898-1937-2874D3280BBB}"
EndProject
Project("{FAE04EC0-301F-11D3-BF4B-00C04F79EFBC}") = "Unity.TextMeshPro", "Unity.TextMeshPro.Player.csproj", "{36D95C02-6A2C-CCFE-9278-61C3D39802FE}"
EndProject
Project("{FAE04EC0-301F-11D3-BF4B-00C04F79EFBC}") = "Unity.2D.Animation.Runtime", "Unity.2D.Animation.Runtime.Player.csproj", "{81F0A98B-A8C0-805D-0989-64D4C2307981}"
EndProject
Project("{FAE04EC0-301F-11D3-BF4B-00C04F79EFBC}") = "Unity.2D.IK.Runtime", "Unity.2D.IK.Runtime.Player.csproj", "{57C6DE91-2657-688D-9541-4F9DD350E125}"
EndProject
Project("{FAE04EC0-301F-11D3-BF4B-00C04F79EFBC}") = "Assembly-CSharp", "Assembly-CSharp.Player.csproj", "{AB0F5CB6-0B4A-3FD7-E58A-EB4B17DE881C}"
EndProject
Project("{FAE04EC0-301F-11D3-BF4B-00C04F79EFBC}") = "Unity.2D.SpriteShape.Runtime", "Unity.2D.SpriteShape.Runtime.Player.csproj", "{AE521966-A5F2-77A4-716C-8B40B208EEF7}"
EndProject
Project("{FAE04EC0-301F-11D3-BF4B-00C04F79EFBC}") = "Unity.2D.PixelPerfect", "Unity.2D.PixelPerfect.Player.csproj", "{F5C3D1EF-B8F1-E0DF-2ED7-565BC9943C51}"
EndProject
Project("{FAE04EC0-301F-11D3-BF4B-00C04F79EFBC}") = "Unity.2D.Common.Runtime", "Unity.2D.Common.Runtime.Player.csproj", "{AF101641-DAC0-51BA-C5EE-67389086DDFB}"
EndProject
Project("{FAE04EC0-301F-11D3-BF4B-00C04F79EFBC}") = "Unity.InternalAPIEngineBridge.001", "Unity.InternalAPIEngineBridge.001.Player.csproj", "{64C70CAE-9513-72C6-3AFC-51A7B4177750}"
EndProject
Project("{FAE04EC0-301F-11D3-BF4B-00C04F79EFBC}") = "AstarPathfindingProject", "AstarPathfindingProject.Player.csproj", "{7E15E207-B446-6652-2264-3DBA5722897A}"
EndProject
Global
	GlobalSection(SolutionConfigurationPlatforms) = preSolution
		Debug|Any CPU = Debug|Any CPU
		Release|Any CPU = Release|Any CPU
	EndGlobalSection
	GlobalSection(ProjectConfigurationPlatforms) = postSolution
		{218FCE6E-81EF-1DA9-5002-E12745054CAD}.Debug|Any CPU.ActiveCfg = Debug|Any CPU
		{218FCE6E-81EF-1DA9-5002-E12745054CAD}.Debug|Any CPU.Build.0 = Debug|Any CPU
		{218FCE6E-81EF-1DA9-5002-E12745054CAD}.Release|Any CPU.ActiveCfg = Release|Any CPU
		{218FCE6E-81EF-1DA9-5002-E12745054CAD}.Release|Any CPU.Build.0 = Release|Any CPU
		{42691A67-9031-5C5A-F452-CD2959A41443}.Debug|Any CPU.ActiveCfg = Debug|Any CPU
		{42691A67-9031-5C5A-F452-CD2959A41443}.Debug|Any CPU.Build.0 = Debug|Any CPU
		{42691A67-9031-5C5A-F452-CD2959A41443}.Release|Any CPU.ActiveCfg = Release|Any CPU
		{42691A67-9031-5C5A-F452-CD2959A41443}.Release|Any CPU.Build.0 = Release|Any CPU
		{AC95E043-CB25-C5AB-5C1E-ECB065A39216}.Debug|Any CPU.ActiveCfg = Debug|Any CPU
		{AC95E043-CB25-C5AB-5C1E-ECB065A39216}.Debug|Any CPU.Build.0 = Debug|Any CPU
		{AC95E043-CB25-C5AB-5C1E-ECB065A39216}.Release|Any CPU.ActiveCfg = Release|Any CPU
		{AC95E043-CB25-C5AB-5C1E-ECB065A39216}.Release|Any CPU.Build.0 = Release|Any CPU
		{9EF2C940-0371-F373-852D-49D26C896971}.Debug|Any CPU.ActiveCfg = Debug|Any CPU
		{9EF2C940-0371-F373-852D-49D26C896971}.Debug|Any CPU.Build.0 = Debug|Any CPU
		{9EF2C940-0371-F373-852D-49D26C896971}.Release|Any CPU.ActiveCfg = Release|Any CPU
		{9EF2C940-0371-F373-852D-49D26C896971}.Release|Any CPU.Build.0 = Release|Any CPU
		{6D435BF5-B0AD-C0FF-87B9-5943835174D8}.Debug|Any CPU.ActiveCfg = Debug|Any CPU
		{6D435BF5-B0AD-C0FF-87B9-5943835174D8}.Debug|Any CPU.Build.0 = Debug|Any CPU
		{6D435BF5-B0AD-C0FF-87B9-5943835174D8}.Release|Any CPU.ActiveCfg = Release|Any CPU
		{6D435BF5-B0AD-C0FF-87B9-5943835174D8}.Release|Any CPU.Build.0 = Release|Any CPU
		{803B2D42-663D-C0B7-1D35-EACCEED6A616}.Debug|Any CPU.ActiveCfg = Debug|Any CPU
		{803B2D42-663D-C0B7-1D35-EACCEED6A616}.Debug|Any CPU.Build.0 = Debug|Any CPU
		{803B2D42-663D-C0B7-1D35-EACCEED6A616}.Release|Any CPU.ActiveCfg = Release|Any CPU
		{803B2D42-663D-C0B7-1D35-EACCEED6A616}.Release|Any CPU.Build.0 = Release|Any CPU
		{482D8F43-4781-320C-1BC7-EB12BF602306}.Debug|Any CPU.ActiveCfg = Debug|Any CPU
		{482D8F43-4781-320C-1BC7-EB12BF602306}.Debug|Any CPU.Build.0 = Debug|Any CPU
		{482D8F43-4781-320C-1BC7-EB12BF602306}.Release|Any CPU.ActiveCfg = Release|Any CPU
		{482D8F43-4781-320C-1BC7-EB12BF602306}.Release|Any CPU.Build.0 = Release|Any CPU
		{E9717866-1640-3CAF-6677-143B00BA64A4}.Debug|Any CPU.ActiveCfg = Debug|Any CPU
		{E9717866-1640-3CAF-6677-143B00BA64A4}.Debug|Any CPU.Build.0 = Debug|Any CPU
		{E9717866-1640-3CAF-6677-143B00BA64A4}.Release|Any CPU.ActiveCfg = Release|Any CPU
		{E9717866-1640-3CAF-6677-143B00BA64A4}.Release|Any CPU.Build.0 = Release|Any CPU
		{C4827544-C4F7-CF2F-E658-EF8D4FE52DAC}.Debug|Any CPU.ActiveCfg = Debug|Any CPU
		{C4827544-C4F7-CF2F-E658-EF8D4FE52DAC}.Debug|Any CPU.Build.0 = Debug|Any CPU
		{C4827544-C4F7-CF2F-E658-EF8D4FE52DAC}.Release|Any CPU.ActiveCfg = Release|Any CPU
		{C4827544-C4F7-CF2F-E658-EF8D4FE52DAC}.Release|Any CPU.Build.0 = Release|Any CPU
		{F973C4DF-FEEF-2507-12A0-F80E651AC26D}.Debug|Any CPU.ActiveCfg = Debug|Any CPU
		{F973C4DF-FEEF-2507-12A0-F80E651AC26D}.Debug|Any CPU.Build.0 = Debug|Any CPU
		{F973C4DF-FEEF-2507-12A0-F80E651AC26D}.Release|Any CPU.ActiveCfg = Release|Any CPU
		{F973C4DF-FEEF-2507-12A0-F80E651AC26D}.Release|Any CPU.Build.0 = Release|Any CPU
		{BE28B7A5-5984-D4DC-9DF5-07D93B2EA344}.Debug|Any CPU.ActiveCfg = Debug|Any CPU
		{BE28B7A5-5984-D4DC-9DF5-07D93B2EA344}.Debug|Any CPU.Build.0 = Debug|Any CPU
		{BE28B7A5-5984-D4DC-9DF5-07D93B2EA344}.Release|Any CPU.ActiveCfg = Release|Any CPU
		{BE28B7A5-5984-D4DC-9DF5-07D93B2EA344}.Release|Any CPU.Build.0 = Release|Any CPU
		{9733BBE0-A5B3-97CC-D053-140E018CD26A}.Debug|Any CPU.ActiveCfg = Debug|Any CPU
		{9733BBE0-A5B3-97CC-D053-140E018CD26A}.Debug|Any CPU.Build.0 = Debug|Any CPU
		{9733BBE0-A5B3-97CC-D053-140E018CD26A}.Release|Any CPU.ActiveCfg = Release|Any CPU
		{9733BBE0-A5B3-97CC-D053-140E018CD26A}.Release|Any CPU.Build.0 = Release|Any CPU
		{84F4CE9C-9AD3-196A-9A31-F38C47A81C65}.Debug|Any CPU.ActiveCfg = Debug|Any CPU
		{84F4CE9C-9AD3-196A-9A31-F38C47A81C65}.Debug|Any CPU.Build.0 = Debug|Any CPU
		{84F4CE9C-9AD3-196A-9A31-F38C47A81C65}.Release|Any CPU.ActiveCfg = Release|Any CPU
		{84F4CE9C-9AD3-196A-9A31-F38C47A81C65}.Release|Any CPU.Build.0 = Release|Any CPU
		{E8519A6E-2838-2D5A-8B03-3A29CA0AB288}.Debug|Any CPU.ActiveCfg = Debug|Any CPU
		{E8519A6E-2838-2D5A-8B03-3A29CA0AB288}.Debug|Any CPU.Build.0 = Debug|Any CPU
		{E8519A6E-2838-2D5A-8B03-3A29CA0AB288}.Release|Any CPU.ActiveCfg = Release|Any CPU
		{E8519A6E-2838-2D5A-8B03-3A29CA0AB288}.Release|Any CPU.Build.0 = Release|Any CPU
		{8AB59398-683C-507E-F24B-3C71A59E3EC8}.Debug|Any CPU.ActiveCfg = Debug|Any CPU
		{8AB59398-683C-507E-F24B-3C71A59E3EC8}.Debug|Any CPU.Build.0 = Debug|Any CPU
		{8AB59398-683C-507E-F24B-3C71A59E3EC8}.Release|Any CPU.ActiveCfg = Release|Any CPU
		{8AB59398-683C-507E-F24B-3C71A59E3EC8}.Release|Any CPU.Build.0 = Release|Any CPU
		{32995287-6A0B-7CE8-29F6-6562F208ED4F}.Debug|Any CPU.ActiveCfg = Debug|Any CPU
		{32995287-6A0B-7CE8-29F6-6562F208ED4F}.Debug|Any CPU.Build.0 = Debug|Any CPU
		{32995287-6A0B-7CE8-29F6-6562F208ED4F}.Release|Any CPU.ActiveCfg = Release|Any CPU
		{32995287-6A0B-7CE8-29F6-6562F208ED4F}.Release|Any CPU.Build.0 = Release|Any CPU
		{C99BDFC9-B30A-1E6F-EA42-6E540DEE7BE5}.Debug|Any CPU.ActiveCfg = Debug|Any CPU
		{C99BDFC9-B30A-1E6F-EA42-6E540DEE7BE5}.Debug|Any CPU.Build.0 = Debug|Any CPU
		{C99BDFC9-B30A-1E6F-EA42-6E540DEE7BE5}.Release|Any CPU.ActiveCfg = Release|Any CPU
		{C99BDFC9-B30A-1E6F-EA42-6E540DEE7BE5}.Release|Any CPU.Build.0 = Release|Any CPU
		{B496D714-EE6C-4638-6130-41963A2D54A1}.Debug|Any CPU.ActiveCfg = Debug|Any CPU
		{B496D714-EE6C-4638-6130-41963A2D54A1}.Debug|Any CPU.Build.0 = Debug|Any CPU
		{B496D714-EE6C-4638-6130-41963A2D54A1}.Release|Any CPU.ActiveCfg = Release|Any CPU
		{B496D714-EE6C-4638-6130-41963A2D54A1}.Release|Any CPU.Build.0 = Release|Any CPU
		{AB1D4DDF-84F6-D4CF-3A6C-92346FECA9B8}.Debug|Any CPU.ActiveCfg = Debug|Any CPU
		{AB1D4DDF-84F6-D4CF-3A6C-92346FECA9B8}.Debug|Any CPU.Build.0 = Debug|Any CPU
		{AB1D4DDF-84F6-D4CF-3A6C-92346FECA9B8}.Release|Any CPU.ActiveCfg = Release|Any CPU
		{AB1D4DDF-84F6-D4CF-3A6C-92346FECA9B8}.Release|Any CPU.Build.0 = Release|Any CPU
		{D55332F1-1220-28AC-E921-0B8A555B7337}.Debug|Any CPU.ActiveCfg = Debug|Any CPU
		{D55332F1-1220-28AC-E921-0B8A555B7337}.Debug|Any CPU.Build.0 = Debug|Any CPU
		{D55332F1-1220-28AC-E921-0B8A555B7337}.Release|Any CPU.ActiveCfg = Release|Any CPU
		{D55332F1-1220-28AC-E921-0B8A555B7337}.Release|Any CPU.Build.0 = Release|Any CPU
		{1BAE60AA-85D3-6472-F4ED-4BC0570E702E}.Debug|Any CPU.ActiveCfg = Debug|Any CPU
		{1BAE60AA-85D3-6472-F4ED-4BC0570E702E}.Debug|Any CPU.Build.0 = Debug|Any CPU
		{1BAE60AA-85D3-6472-F4ED-4BC0570E702E}.Release|Any CPU.ActiveCfg = Release|Any CPU
		{1BAE60AA-85D3-6472-F4ED-4BC0570E702E}.Release|Any CPU.Build.0 = Release|Any CPU
		{4B7BA6E1-AC93-E6E2-A3C5-54D2B8DB5D90}.Debug|Any CPU.ActiveCfg = Debug|Any CPU
		{4B7BA6E1-AC93-E6E2-A3C5-54D2B8DB5D90}.Debug|Any CPU.Build.0 = Debug|Any CPU
		{4B7BA6E1-AC93-E6E2-A3C5-54D2B8DB5D90}.Release|Any CPU.ActiveCfg = Release|Any CPU
		{4B7BA6E1-AC93-E6E2-A3C5-54D2B8DB5D90}.Release|Any CPU.Build.0 = Release|Any CPU
		{BDA046AC-1C47-29A9-DC5C-B2E4DDB6C6BA}.Debug|Any CPU.ActiveCfg = Debug|Any CPU
		{BDA046AC-1C47-29A9-DC5C-B2E4DDB6C6BA}.Debug|Any CPU.Build.0 = Debug|Any CPU
		{BDA046AC-1C47-29A9-DC5C-B2E4DDB6C6BA}.Release|Any CPU.ActiveCfg = Release|Any CPU
		{BDA046AC-1C47-29A9-DC5C-B2E4DDB6C6BA}.Release|Any CPU.Build.0 = Release|Any CPU
		{D15B6059-ABC8-8557-9A08-5F484E325B72}.Debug|Any CPU.ActiveCfg = Debug|Any CPU
		{D15B6059-ABC8-8557-9A08-5F484E325B72}.Debug|Any CPU.Build.0 = Debug|Any CPU
		{D15B6059-ABC8-8557-9A08-5F484E325B72}.Release|Any CPU.ActiveCfg = Release|Any CPU
		{D15B6059-ABC8-8557-9A08-5F484E325B72}.Release|Any CPU.Build.0 = Release|Any CPU
		{829F20D3-78C8-C367-133F-9AEA95F5D36E}.Debug|Any CPU.ActiveCfg = Debug|Any CPU
		{829F20D3-78C8-C367-133F-9AEA95F5D36E}.Debug|Any CPU.Build.0 = Debug|Any CPU
		{829F20D3-78C8-C367-133F-9AEA95F5D36E}.Release|Any CPU.ActiveCfg = Release|Any CPU
		{829F20D3-78C8-C367-133F-9AEA95F5D36E}.Release|Any CPU.Build.0 = Release|Any CPU
		{E6643325-F22B-1DC4-D967-2194668BA91A}.Debug|Any CPU.ActiveCfg = Debug|Any CPU
		{E6643325-F22B-1DC4-D967-2194668BA91A}.Debug|Any CPU.Build.0 = Debug|Any CPU
		{E6643325-F22B-1DC4-D967-2194668BA91A}.Release|Any CPU.ActiveCfg = Release|Any CPU
		{E6643325-F22B-1DC4-D967-2194668BA91A}.Release|Any CPU.Build.0 = Release|Any CPU
		{E44621F4-40FA-AC36-DB45-29078D33D3A7}.Debug|Any CPU.ActiveCfg = Debug|Any CPU
		{E44621F4-40FA-AC36-DB45-29078D33D3A7}.Debug|Any CPU.Build.0 = Debug|Any CPU
		{E44621F4-40FA-AC36-DB45-29078D33D3A7}.Release|Any CPU.ActiveCfg = Release|Any CPU
		{E44621F4-40FA-AC36-DB45-29078D33D3A7}.Release|Any CPU.Build.0 = Release|Any CPU
		{957D0C49-4706-0291-9654-BDD92B25072C}.Debug|Any CPU.ActiveCfg = Debug|Any CPU
		{957D0C49-4706-0291-9654-BDD92B25072C}.Debug|Any CPU.Build.0 = Debug|Any CPU
		{957D0C49-4706-0291-9654-BDD92B25072C}.Release|Any CPU.ActiveCfg = Release|Any CPU
		{957D0C49-4706-0291-9654-BDD92B25072C}.Release|Any CPU.Build.0 = Release|Any CPU
		{52BB57C4-554E-50A2-6E55-1F63EB878FD2}.Debug|Any CPU.ActiveCfg = Debug|Any CPU
		{52BB57C4-554E-50A2-6E55-1F63EB878FD2}.Debug|Any CPU.Build.0 = Debug|Any CPU
		{52BB57C4-554E-50A2-6E55-1F63EB878FD2}.Release|Any CPU.ActiveCfg = Release|Any CPU
		{52BB57C4-554E-50A2-6E55-1F63EB878FD2}.Release|Any CPU.Build.0 = Release|Any CPU
		{28943193-7CA1-BE70-8234-893EAD93C924}.Debug|Any CPU.ActiveCfg = Debug|Any CPU
		{28943193-7CA1-BE70-8234-893EAD93C924}.Debug|Any CPU.Build.0 = Debug|Any CPU
		{28943193-7CA1-BE70-8234-893EAD93C924}.Release|Any CPU.ActiveCfg = Release|Any CPU
		{28943193-7CA1-BE70-8234-893EAD93C924}.Release|Any CPU.Build.0 = Release|Any CPU
		{C5D52ABE-8EE3-31B4-EC01-DDFD9F1DCA95}.Debug|Any CPU.ActiveCfg = Debug|Any CPU
		{C5D52ABE-8EE3-31B4-EC01-DDFD9F1DCA95}.Debug|Any CPU.Build.0 = Debug|Any CPU
		{C5D52ABE-8EE3-31B4-EC01-DDFD9F1DCA95}.Release|Any CPU.ActiveCfg = Release|Any CPU
		{C5D52ABE-8EE3-31B4-EC01-DDFD9F1DCA95}.Release|Any CPU.Build.0 = Release|Any CPU
		{0ABEEEC0-B84E-94AB-C110-E8FCF3128F31}.Debug|Any CPU.ActiveCfg = Debug|Any CPU
		{0ABEEEC0-B84E-94AB-C110-E8FCF3128F31}.Debug|Any CPU.Build.0 = Debug|Any CPU
		{0ABEEEC0-B84E-94AB-C110-E8FCF3128F31}.Release|Any CPU.ActiveCfg = Release|Any CPU
		{0ABEEEC0-B84E-94AB-C110-E8FCF3128F31}.Release|Any CPU.Build.0 = Release|Any CPU
		{976AC4DC-8629-50CD-3191-7966A23902B1}.Debug|Any CPU.ActiveCfg = Debug|Any CPU
		{976AC4DC-8629-50CD-3191-7966A23902B1}.Debug|Any CPU.Build.0 = Debug|Any CPU
		{976AC4DC-8629-50CD-3191-7966A23902B1}.Release|Any CPU.ActiveCfg = Release|Any CPU
		{976AC4DC-8629-50CD-3191-7966A23902B1}.Release|Any CPU.Build.0 = Release|Any CPU
		{33EDB87C-ABAB-378F-F7ED-EBFADF5FDB8B}.Debug|Any CPU.ActiveCfg = Debug|Any CPU
		{33EDB87C-ABAB-378F-F7ED-EBFADF5FDB8B}.Debug|Any CPU.Build.0 = Debug|Any CPU
		{33EDB87C-ABAB-378F-F7ED-EBFADF5FDB8B}.Release|Any CPU.ActiveCfg = Release|Any CPU
		{33EDB87C-ABAB-378F-F7ED-EBFADF5FDB8B}.Release|Any CPU.Build.0 = Release|Any CPU
		{D69D4823-DA32-AB76-7084-0E2E0E63D95B}.Debug|Any CPU.ActiveCfg = Debug|Any CPU
		{D69D4823-DA32-AB76-7084-0E2E0E63D95B}.Debug|Any CPU.Build.0 = Debug|Any CPU
		{D69D4823-DA32-AB76-7084-0E2E0E63D95B}.Release|Any CPU.ActiveCfg = Release|Any CPU
		{D69D4823-DA32-AB76-7084-0E2E0E63D95B}.Release|Any CPU.Build.0 = Release|Any CPU
		{3BA0E58A-9736-D210-944F-B7499B65B05B}.Debug|Any CPU.ActiveCfg = Debug|Any CPU
		{3BA0E58A-9736-D210-944F-B7499B65B05B}.Debug|Any CPU.Build.0 = Debug|Any CPU
		{3BA0E58A-9736-D210-944F-B7499B65B05B}.Release|Any CPU.ActiveCfg = Release|Any CPU
		{3BA0E58A-9736-D210-944F-B7499B65B05B}.Release|Any CPU.Build.0 = Release|Any CPU
		{FA5BE9E5-9D3A-CD85-8900-492E77833B21}.Debug|Any CPU.ActiveCfg = Debug|Any CPU
		{FA5BE9E5-9D3A-CD85-8900-492E77833B21}.Debug|Any CPU.Build.0 = Debug|Any CPU
		{FA5BE9E5-9D3A-CD85-8900-492E77833B21}.Release|Any CPU.ActiveCfg = Release|Any CPU
		{FA5BE9E5-9D3A-CD85-8900-492E77833B21}.Release|Any CPU.Build.0 = Release|Any CPU
		{E630BB95-2BC8-1574-EE50-62D3C0E8596D}.Debug|Any CPU.ActiveCfg = Debug|Any CPU
		{E630BB95-2BC8-1574-EE50-62D3C0E8596D}.Debug|Any CPU.Build.0 = Debug|Any CPU
		{E630BB95-2BC8-1574-EE50-62D3C0E8596D}.Release|Any CPU.ActiveCfg = Release|Any CPU
		{E630BB95-2BC8-1574-EE50-62D3C0E8596D}.Release|Any CPU.Build.0 = Release|Any CPU
		{858FEFAC-0270-4F93-70F4-05E91FD25875}.Debug|Any CPU.ActiveCfg = Debug|Any CPU
		{858FEFAC-0270-4F93-70F4-05E91FD25875}.Debug|Any CPU.Build.0 = Debug|Any CPU
		{858FEFAC-0270-4F93-70F4-05E91FD25875}.Release|Any CPU.ActiveCfg = Release|Any CPU
		{858FEFAC-0270-4F93-70F4-05E91FD25875}.Release|Any CPU.Build.0 = Release|Any CPU
		{7E47AE65-FF25-F4D9-E307-09EFC984E30E}.Debug|Any CPU.ActiveCfg = Debug|Any CPU
		{7E47AE65-FF25-F4D9-E307-09EFC984E30E}.Debug|Any CPU.Build.0 = Debug|Any CPU
		{7E47AE65-FF25-F4D9-E307-09EFC984E30E}.Release|Any CPU.ActiveCfg = Release|Any CPU
		{7E47AE65-FF25-F4D9-E307-09EFC984E30E}.Release|Any CPU.Build.0 = Release|Any CPU
		{F2205EF4-25EE-464B-927A-D4D5E444E19A}.Debug|Any CPU.ActiveCfg = Debug|Any CPU
		{F2205EF4-25EE-464B-927A-D4D5E444E19A}.Debug|Any CPU.Build.0 = Debug|Any CPU
		{F2205EF4-25EE-464B-927A-D4D5E444E19A}.Release|Any CPU.ActiveCfg = Release|Any CPU
		{F2205EF4-25EE-464B-927A-D4D5E444E19A}.Release|Any CPU.Build.0 = Release|Any CPU
		{21B3A278-5CDF-A6BB-5968-9C8CDBF932AD}.Debug|Any CPU.ActiveCfg = Debug|Any CPU
		{21B3A278-5CDF-A6BB-5968-9C8CDBF932AD}.Debug|Any CPU.Build.0 = Debug|Any CPU
		{21B3A278-5CDF-A6BB-5968-9C8CDBF932AD}.Release|Any CPU.ActiveCfg = Release|Any CPU
		{21B3A278-5CDF-A6BB-5968-9C8CDBF932AD}.Release|Any CPU.Build.0 = Release|Any CPU
		{5FEBECD1-963B-A898-1937-2874D3280BBB}.Debug|Any CPU.ActiveCfg = Debug|Any CPU
		{5FEBECD1-963B-A898-1937-2874D3280BBB}.Debug|Any CPU.Build.0 = Debug|Any CPU
		{5FEBECD1-963B-A898-1937-2874D3280BBB}.Release|Any CPU.ActiveCfg = Release|Any CPU
		{5FEBECD1-963B-A898-1937-2874D3280BBB}.Release|Any CPU.Build.0 = Release|Any CPU
		{36D95C02-6A2C-CCFE-9278-61C3D39802FE}.Debug|Any CPU.ActiveCfg = Debug|Any CPU
		{36D95C02-6A2C-CCFE-9278-61C3D39802FE}.Debug|Any CPU.Build.0 = Debug|Any CPU
		{36D95C02-6A2C-CCFE-9278-61C3D39802FE}.Release|Any CPU.ActiveCfg = Release|Any CPU
		{36D95C02-6A2C-CCFE-9278-61C3D39802FE}.Release|Any CPU.Build.0 = Release|Any CPU
		{81F0A98B-A8C0-805D-0989-64D4C2307981}.Debug|Any CPU.ActiveCfg = Debug|Any CPU
		{81F0A98B-A8C0-805D-0989-64D4C2307981}.Debug|Any CPU.Build.0 = Debug|Any CPU
		{81F0A98B-A8C0-805D-0989-64D4C2307981}.Release|Any CPU.ActiveCfg = Release|Any CPU
		{81F0A98B-A8C0-805D-0989-64D4C2307981}.Release|Any CPU.Build.0 = Release|Any CPU
		{57C6DE91-2657-688D-9541-4F9DD350E125}.Debug|Any CPU.ActiveCfg = Debug|Any CPU
		{57C6DE91-2657-688D-9541-4F9DD350E125}.Debug|Any CPU.Build.0 = Debug|Any CPU
		{57C6DE91-2657-688D-9541-4F9DD350E125}.Release|Any CPU.ActiveCfg = Release|Any CPU
		{57C6DE91-2657-688D-9541-4F9DD350E125}.Release|Any CPU.Build.0 = Release|Any CPU
		{AB0F5CB6-0B4A-3FD7-E58A-EB4B17DE881C}.Debug|Any CPU.ActiveCfg = Debug|Any CPU
		{AB0F5CB6-0B4A-3FD7-E58A-EB4B17DE881C}.Debug|Any CPU.Build.0 = Debug|Any CPU
		{AB0F5CB6-0B4A-3FD7-E58A-EB4B17DE881C}.Release|Any CPU.ActiveCfg = Release|Any CPU
		{AB0F5CB6-0B4A-3FD7-E58A-EB4B17DE881C}.Release|Any CPU.Build.0 = Release|Any CPU
		{AE521966-A5F2-77A4-716C-8B40B208EEF7}.Debug|Any CPU.ActiveCfg = Debug|Any CPU
		{AE521966-A5F2-77A4-716C-8B40B208EEF7}.Debug|Any CPU.Build.0 = Debug|Any CPU
		{AE521966-A5F2-77A4-716C-8B40B208EEF7}.Release|Any CPU.ActiveCfg = Release|Any CPU
		{AE521966-A5F2-77A4-716C-8B40B208EEF7}.Release|Any CPU.Build.0 = Release|Any CPU
		{F5C3D1EF-B8F1-E0DF-2ED7-565BC9943C51}.Debug|Any CPU.ActiveCfg = Debug|Any CPU
		{F5C3D1EF-B8F1-E0DF-2ED7-565BC9943C51}.Debug|Any CPU.Build.0 = Debug|Any CPU
		{F5C3D1EF-B8F1-E0DF-2ED7-565BC9943C51}.Release|Any CPU.ActiveCfg = Release|Any CPU
		{F5C3D1EF-B8F1-E0DF-2ED7-565BC9943C51}.Release|Any CPU.Build.0 = Release|Any CPU
		{AF101641-DAC0-51BA-C5EE-67389086DDFB}.Debug|Any CPU.ActiveCfg = Debug|Any CPU
		{AF101641-DAC0-51BA-C5EE-67389086DDFB}.Debug|Any CPU.Build.0 = Debug|Any CPU
		{AF101641-DAC0-51BA-C5EE-67389086DDFB}.Release|Any CPU.ActiveCfg = Release|Any CPU
		{AF101641-DAC0-51BA-C5EE-67389086DDFB}.Release|Any CPU.Build.0 = Release|Any CPU
		{64C70CAE-9513-72C6-3AFC-51A7B4177750}.Debug|Any CPU.ActiveCfg = Debug|Any CPU
		{64C70CAE-9513-72C6-3AFC-51A7B4177750}.Debug|Any CPU.Build.0 = Debug|Any CPU
		{64C70CAE-9513-72C6-3AFC-51A7B4177750}.Release|Any CPU.ActiveCfg = Release|Any CPU
		{64C70CAE-9513-72C6-3AFC-51A7B4177750}.Release|Any CPU.Build.0 = Release|Any CPU
		{7E15E207-B446-6652-2264-3DBA5722897A}.Debug|Any CPU.ActiveCfg = Debug|Any CPU
		{7E15E207-B446-6652-2264-3DBA5722897A}.Debug|Any CPU.Build.0 = Debug|Any CPU
		{7E15E207-B446-6652-2264-3DBA5722897A}.Release|Any CPU.ActiveCfg = Release|Any CPU
		{7E15E207-B446-6652-2264-3DBA5722897A}.Release|Any CPU.Build.0 = Release|Any CPU
	EndGlobalSection
	GlobalSection(SolutionProperties) = preSolution
		HideSolutionNode = FALSE
	EndGlobalSection
EndGlobal
